
Microsoft Visual Studio Solution File, Format Version 12.00
# Visual Studio Version 16
VisualStudioVersion = 16.0.29926.136
MinimumVisualStudioVersion = 10.0.40219.1
Project("{9A19103F-16F7-4668-BE54-9A1E7A4F7556}") = "ArrayIsSortedOrNot", "Recursion\ArrayIsSortedOrNot\ArrayIsSortedOrNot.csproj", "{A14CE23B-9BDC-4671-A38F-372F347D52AB}"
EndProject
Project("{2150E333-8FDC-42A3-9474-1A3956D46DE8}") = "1_Recursion", "1_Recursion", "{F3B9C40F-AE83-4802-B6BF-EC33B00AE5AC}"
EndProject
Project("{2150E333-8FDC-42A3-9474-1A3956D46DE8}") = "2_LinkedLists", "2_LinkedLists", "{55311D93-0B2D-4D63-8E85-8411B636913A}"
EndProject
Project("{FAE04EC0-301F-11D3-BF4B-00C04F79EFBC}") = "SinglyLinkedList", "LinkedLists\SinglyLinkedList\SinglyLinkedList.csproj", "{7FFC5902-5F3D-40F0-845B-E7B42B6AEB4E}"
EndProject
Global
	GlobalSection(SolutionConfigurationPlatforms) = preSolution
		Debug|Any CPU = Debug|Any CPU
		Release|Any CPU = Release|Any CPU
	EndGlobalSection
	GlobalSection(ProjectConfigurationPlatforms) = postSolution
		{A14CE23B-9BDC-4671-A38F-372F347D52AB}.Debug|Any CPU.ActiveCfg = Debug|Any CPU
		{A14CE23B-9BDC-4671-A38F-372F347D52AB}.Debug|Any CPU.Build.0 = Debug|Any CPU
		{A14CE23B-9BDC-4671-A38F-372F347D52AB}.Release|Any CPU.ActiveCfg = Release|Any CPU
		{A14CE23B-9BDC-4671-A38F-372F347D52AB}.Release|Any CPU.Build.0 = Release|Any CPU
		{7FFC5902-5F3D-40F0-845B-E7B42B6AEB4E}.Debug|Any CPU.ActiveCfg = Debug|Any CPU
		{7FFC5902-5F3D-40F0-845B-E7B42B6AEB4E}.Debug|Any CPU.Build.0 = Debug|Any CPU
		{7FFC5902-5F3D-40F0-845B-E7B42B6AEB4E}.Release|Any CPU.ActiveCfg = Release|Any CPU
		{7FFC5902-5F3D-40F0-845B-E7B42B6AEB4E}.Release|Any CPU.Build.0 = Release|Any CPU
	EndGlobalSection
	GlobalSection(SolutionProperties) = preSolution
		HideSolutionNode = FALSE
	EndGlobalSection
	GlobalSection(NestedProjects) = preSolution
		{A14CE23B-9BDC-4671-A38F-372F347D52AB} = {F3B9C40F-AE83-4802-B6BF-EC33B00AE5AC}
		{7FFC5902-5F3D-40F0-845B-E7B42B6AEB4E} = {55311D93-0B2D-4D63-8E85-8411B636913A}
	EndGlobalSection
	GlobalSection(ExtensibilityGlobals) = postSolution
		SolutionGuid = {68D6BB8F-4557-4D7E-966E-DBBD0345CE04}
	EndGlobalSection
EndGlobal
